// !$*UTF8*$!
{
	archiveVersion = 1;
	classes = {
	};
	objectVersion = 50;
	objects = {

/* Begin PBXBuildFile section */
		741DDD15269F1A7600380A42 /* Guess_NumberApp.swift in Sources */ = {isa = PBXBuildFile; fileRef = 741DDD14269F1A7600380A42 /* Guess_NumberApp.swift */; };
		741DDD17269F1A7600380A42 /* ContentView.swift in Sources */ = {isa = PBXBuildFile; fileRef = 741DDD16269F1A7600380A42 /* ContentView.swift */; };
		741DDD19269F1A7A00380A42 /* Assets.xcassets in Resources */ = {isa = PBXBuildFile; fileRef = 741DDD18269F1A7A00380A42 /* Assets.xcassets */; };
		741DDD1C269F1A7A00380A42 /* Preview Assets.xcassets in Resources */ = {isa = PBXBuildFile; fileRef = 741DDD1B269F1A7A00380A42 /* Preview Assets.xcassets */; };
		741DDD27269F1A7A00380A42 /* Guess_NumberTests.swift in Sources */ = {isa = PBXBuildFile; fileRef = 741DDD26269F1A7A00380A42 /* Guess_NumberTests.swift */; };
		741DDD32269F1A7A00380A42 /* Guess_NumberUITests.swift in Sources */ = {isa = PBXBuildFile; fileRef = 741DDD31269F1A7A00380A42 /* Guess_NumberUITests.swift */; };
		7455065B26B175E400A7BE5B /* GameOverView.swift in Sources */ = {isa = PBXBuildFile; fileRef = 7455065A26B175E400A7BE5B /* GameOverView.swift */; };
		7455066026B187BE00A7BE5B /* WinView.swift in Sources */ = {isa = PBXBuildFile; fileRef = 7455065F26B187BE00A7BE5B /* WinView.swift */; };
		7455066526B19AC600A7BE5B /* SwiftUIView.swift in Sources */ = {isa = PBXBuildFile; fileRef = 7455066426B19AC600A7BE5B /* SwiftUIView.swift */; };
/* End PBXBuildFile section */

/* Begin PBXContainerItemProxy section */
		741DDD23269F1A7A00380A42 /* PBXContainerItemProxy */ = {
			isa = PBXContainerItemProxy;
			containerPortal = 741DDD09269F1A7600380A42 /* Project object */;
			proxyType = 1;
			remoteGlobalIDString = 741DDD10269F1A7600380A42;
			remoteInfo = "Guess Number";
		};
		741DDD2E269F1A7A00380A42 /* PBXContainerItemProxy */ = {
			isa = PBXContainerItemProxy;
			containerPortal = 741DDD09269F1A7600380A42 /* Project object */;
			proxyType = 1;
			remoteGlobalIDString = 741DDD10269F1A7600380A42;
			remoteInfo = "Guess Number";
		};
/* End PBXContainerItemProxy section */

/* Begin PBXFileReference section */
		741DDD11269F1A7600380A42 /* Guess Number.app */ = {isa = PBXFileReference; explicitFileType = wrapper.application; includeInIndex = 0; path = "Guess Number.app"; sourceTree = BUILT_PRODUCTS_DIR; };
		741DDD14269F1A7600380A42 /* Guess_NumberApp.swift */ = {isa = PBXFileReference; lastKnownFileType = sourcecode.swift; path = Guess_NumberApp.swift; sourceTree = "<group>"; };
		741DDD16269F1A7600380A42 /* ContentView.swift */ = {isa = PBXFileReference; lastKnownFileType = sourcecode.swift; path = ContentView.swift; sourceTree = "<group>"; };
		741DDD18269F1A7A00380A42 /* Assets.xcassets */ = {isa = PBXFileReference; lastKnownFileType = folder.assetcatalog; path = Assets.xcassets; sourceTree = "<group>"; };
		741DDD1B269F1A7A00380A42 /* Preview Assets.xcassets */ = {isa = PBXFileReference; lastKnownFileType = folder.assetcatalog; path = "Preview Assets.xcassets"; sourceTree = "<group>"; };
		741DDD1D269F1A7A00380A42 /* Info.plist */ = {isa = PBXFileReference; lastKnownFileType = text.plist.xml; path = Info.plist; sourceTree = "<group>"; };
		741DDD22269F1A7A00380A42 /* Guess NumberTests.xctest */ = {isa = PBXFileReference; explicitFileType = wrapper.cfbundle; includeInIndex = 0; path = "Guess NumberTests.xctest"; sourceTree = BUILT_PRODUCTS_DIR; };
		741DDD26269F1A7A00380A42 /* Guess_NumberTests.swift */ = {isa = PBXFileReference; lastKnownFileType = sourcecode.swift; path = Guess_NumberTests.swift; sourceTree = "<group>"; };
		741DDD28269F1A7A00380A42 /* Info.plist */ = {isa = PBXFileReference; lastKnownFileType = text.plist.xml; path = Info.plist; sourceTree = "<group>"; };
		741DDD2D269F1A7A00380A42 /* Guess NumberUITests.xctest */ = {isa = PBXFileReference; explicitFileType = wrapper.cfbundle; includeInIndex = 0; path = "Guess NumberUITests.xctest"; sourceTree = BUILT_PRODUCTS_DIR; };
		741DDD31269F1A7A00380A42 /* Guess_NumberUITests.swift */ = {isa = PBXFileReference; lastKnownFileType = sourcecode.swift; path = Guess_NumberUITests.swift; sourceTree = "<group>"; };
		741DDD33269F1A7A00380A42 /* Info.plist */ = {isa = PBXFileReference; lastKnownFileType = text.plist.xml; path = Info.plist; sourceTree = "<group>"; };
		7455065A26B175E400A7BE5B /* GameOverView.swift */ = {isa = PBXFileReference; lastKnownFileType = sourcecode.swift; path = GameOverView.swift; sourceTree = "<group>"; };
		7455065F26B187BE00A7BE5B /* WinView.swift */ = {isa = PBXFileReference; lastKnownFileType = sourcecode.swift; path = WinView.swift; sourceTree = "<group>"; };
		7455066426B19AC600A7BE5B /* SwiftUIView.swift */ = {isa = PBXFileReference; lastKnownFileType = sourcecode.swift; path = SwiftUIView.swift; sourceTree = "<group>"; };
/* End PBXFileReference section */

/* Begin PBXFrameworksBuildPhase section */
		741DDD0E269F1A7600380A42 /* Frameworks */ = {
			isa = PBXFrameworksBuildPhase;
			buildActionMask = 2147483647;
			files = (
			);
			runOnlyForDeploymentPostprocessing = 0;
		};
		741DDD1F269F1A7A00380A42 /* Frameworks */ = {
			isa = PBXFrameworksBuildPhase;
			buildActionMask = 2147483647;
			files = (
			);
			runOnlyForDeploymentPostprocessing = 0;
		};
		741DDD2A269F1A7A00380A42 /* Frameworks */ = {
			isa = PBXFrameworksBuildPhase;
			buildActionMask = 2147483647;
			files = (
			);
			runOnlyForDeploymentPostprocessing = 0;
		};
/* End PBXFrameworksBuildPhase section */

/* Begin PBXGroup section */
		741DDD08269F1A7600380A42 = {
			isa = PBXGroup;
			children = (
				741DDD13269F1A7600380A42 /* Guess Number */,
				741DDD25269F1A7A00380A42 /* Guess NumberTests */,
				741DDD30269F1A7A00380A42 /* Guess NumberUITests */,
				741DDD12269F1A7600380A42 /* Products */,
			);
			sourceTree = "<group>";
		};
		741DDD12269F1A7600380A42 /* Products */ = {
			isa = PBXGroup;
			children = (
				741DDD11269F1A7600380A42 /* Guess Number.app */,
				741DDD22269F1A7A00380A42 /* Guess NumberTests.xctest */,
				741DDD2D269F1A7A00380A42 /* Guess NumberUITests.xctest */,
			);
			name = Products;
			sourceTree = "<group>";
		};
		741DDD13269F1A7600380A42 /* Guess Number */ = {
			isa = PBXGroup;
			children = (
				741DDD14269F1A7600380A42 /* Guess_NumberApp.swift */,
				741DDD16269F1A7600380A42 /* ContentView.swift */,
				7455065A26B175E400A7BE5B /* GameOverView.swift */,
				741DDD18269F1A7A00380A42 /* Assets.xcassets */,
				7455066426B19AC600A7BE5B /* SwiftUIView.swift */,
				741DDD1D269F1A7A00380A42 /* Info.plist */,
				741DDD1A269F1A7A00380A42 /* Preview Content */,
				7455065F26B187BE00A7BE5B /* WinView.swift */,
			);
			path = "Guess Number";
			sourceTree = "<group>";
		};
		741DDD1A269F1A7A00380A42 /* Preview Content */ = {
			isa = PBXGroup;
			children = (
				741DDD1B269F1A7A00380A42 /* Preview Assets.xcassets */,
			);
			path = "Preview Content";
			sourceTree = "<group>";
		};
		741DDD25269F1A7A00380A42 /* Guess NumberTests */ = {
			isa = PBXGroup;
			children = (
				741DDD26269F1A7A00380A42 /* Guess_NumberTests.swift */,
				741DDD28269F1A7A00380A42 /* Info.plist */,
			);
			path = "Guess NumberTests";
			sourceTree = "<group>";
		};
		741DDD30269F1A7A00380A42 /* Guess NumberUITests */ = {
			isa = PBXGroup;
			children = (
				741DDD31269F1A7A00380A42 /* Guess_NumberUITests.swift */,
				741DDD33269F1A7A00380A42 /* Info.plist */,
			);
			path = "Guess NumberUITests";
			sourceTree = "<group>";
		};
/* End PBXGroup section */

/* Begin PBXNativeTarget section */
		741DDD10269F1A7600380A42 /* Guess Number */ = {
			isa = PBXNativeTarget;
			buildConfigurationList = 741DDD36269F1A7A00380A42 /* Build configuration list for PBXNativeTarget "Guess Number" */;
			buildPhases = (
				741DDD0D269F1A7600380A42 /* Sources */,
				741DDD0E269F1A7600380A42 /* Frameworks */,
				741DDD0F269F1A7600380A42 /* Resources */,
			);
			buildRules = (
			);
			dependencies = (
			);
			name = "Guess Number";
			productName = "Guess Number";
			productReference = 741DDD11269F1A7600380A42 /* Guess Number.app */;
			productType = "com.apple.product-type.application";
		};
		741DDD21269F1A7A00380A42 /* Guess NumberTests */ = {
			isa = PBXNativeTarget;
			buildConfigurationList = 741DDD39269F1A7A00380A42 /* Build configuration list for PBXNativeTarget "Guess NumberTests" */;
			buildPhases = (
				741DDD1E269F1A7A00380A42 /* Sources */,
				741DDD1F269F1A7A00380A42 /* Frameworks */,
				741DDD20269F1A7A00380A42 /* Resources */,
			);
			buildRules = (
			);
			dependencies = (
				741DDD24269F1A7A00380A42 /* PBXTargetDependency */,
			);
			name = "Guess NumberTests";
			productName = "Guess NumberTests";
			productReference = 741DDD22269F1A7A00380A42 /* Guess NumberTests.xctest */;
			productType = "com.apple.product-type.bundle.unit-test";
		};
		741DDD2C269F1A7A00380A42 /* Guess NumberUITests */ = {
			isa = PBXNativeTarget;
			buildConfigurationList = 741DDD3C269F1A7A00380A42 /* Build configuration list for PBXNativeTarget "Guess NumberUITests" */;
			buildPhases = (
				741DDD29269F1A7A00380A42 /* Sources */,
				741DDD2A269F1A7A00380A42 /* Frameworks */,
				741DDD2B269F1A7A00380A42 /* Resources */,
			);
			buildRules = (
			);
			dependencies = (
				741DDD2F269F1A7A00380A42 /* PBXTargetDependency */,
			);
			name = "Guess NumberUITests";
			productName = "Guess NumberUITests";
			productReference = 741DDD2D269F1A7A00380A42 /* Guess NumberUITests.xctest */;
			productType = "com.apple.product-type.bundle.ui-testing";
		};
/* End PBXNativeTarget section */

/* Begin PBXProject section */
		741DDD09269F1A7600380A42 /* Project object */ = {
			isa = PBXProject;
			attributes = {
				LastSwiftUpdateCheck = 1240;
				LastUpgradeCheck = 1240;
				TargetAttributes = {
					741DDD10269F1A7600380A42 = {
						CreatedOnToolsVersion = 12.4;
					};
					741DDD21269F1A7A00380A42 = {
						CreatedOnToolsVersion = 12.4;
						TestTargetID = 741DDD10269F1A7600380A42;
					};
					741DDD2C269F1A7A00380A42 = {
						CreatedOnToolsVersion = 12.4;
						TestTargetID = 741DDD10269F1A7600380A42;
					};
				};
			};
			buildConfigurationList = 741DDD0C269F1A7600380A42 /* Build configuration list for PBXProject "Guess Number" */;
			compatibilityVersion = "Xcode 9.3";
			developmentRegion = en;
			hasScannedForEncodings = 0;
			knownRegions = (
				en,
				Base,
			);
			mainGroup = 741DDD08269F1A7600380A42;
			productRefGroup = 741DDD12269F1A7600380A42 /* Products */;
			projectDirPath = "";
			projectRoot = "";
			targets = (
				741DDD10269F1A7600380A42 /* Guess Number */,
				741DDD21269F1A7A00380A42 /* Guess NumberTests */,
				741DDD2C269F1A7A00380A42 /* Guess NumberUITests */,
			);
		};
/* End PBXProject section */

/* Begin PBXResourcesBuildPhase section */
		741DDD0F269F1A7600380A42 /* Resources */ = {
			isa = PBXResourcesBuildPhase;
			buildActionMask = 2147483647;
			files = (
				741DDD1C269F1A7A00380A42 /* Preview Assets.xcassets in Resources */,
				741DDD19269F1A7A00380A42 /* Assets.xcassets in Resources */,
			);
			runOnlyForDeploymentPostprocessing = 0;
		};
		741DDD20269F1A7A00380A42 /* Resources */ = {
			isa = PBXResourcesBuildPhase;
			buildActionMask = 2147483647;
			files = (
			);
			runOnlyForDeploymentPostprocessing = 0;
		};
		741DDD2B269F1A7A00380A42 /* Resources */ = {
			isa = PBXResourcesBuildPhase;
			buildActionMask = 2147483647;
			files = (
			);
			runOnlyForDeploymentPostprocessing = 0;
		};
/* End PBXResourcesBuildPhase section */

/* Begin PBXSourcesBuildPhase section */
		741DDD0D269F1A7600380A42 /* Sources */ = {
			isa = PBXSourcesBuildPhase;
			buildActionMask = 2147483647;
			files = (
				741DDD17269F1A7600380A42 /* ContentView.swift in Sources */,
				7455066026B187BE00A7BE5B /* WinView.swift in Sources */,
				7455065B26B175E400A7BE5B /* GameOverView.swift in Sources */,
				741DDD15269F1A7600380A42 /* Guess_NumberApp.swift in Sources */,
				7455066526B19AC600A7BE5B /* SwiftUIView.swift in Sources */,
			);
			runOnlyForDeploymentPostprocessing = 0;
		};
		741DDD1E269F1A7A00380A42 /* Sources */ = {
			isa = PBXSourcesBuildPhase;
			buildActionMask = 2147483647;
			files = (
				741DDD27269F1A7A00380A42 /* Guess_NumberTests.swift in Sources */,
			);
			runOnlyForDeploymentPostprocessing = 0;
		};
		741DDD29269F1A7A00380A42 /* Sources */ = {
			isa = PBXSourcesBuildPhase;
			buildActionMask = 2147483647;
			files = (
				741DDD32269F1A7A00380A42 /* Guess_NumberUITests.swift in Sources */,
			);
			runOnlyForDeploymentPostprocessing = 0;
		};
/* End PBXSourcesBuildPhase section */

/* Begin PBXTargetDependency section */
		741DDD24269F1A7A00380A42 /* PBXTargetDependency */ = {
			isa = PBXTargetDependency;
			target = 741DDD10269F1A7600380A42 /* Guess Number */;
			targetProxy = 741DDD23269F1A7A00380A42 /* PBXContainerItemProxy */;
		};
		741DDD2F269F1A7A00380A42 /* PBXTargetDependency */ = {
			isa = PBXTargetDependency;
			target = 741DDD10269F1A7600380A42 /* Guess Number */;
			targetProxy = 741DDD2E269F1A7A00380A42 /* PBXContainerItemProxy */;
		};
/* End PBXTargetDependency section */

/* Begin XCBuildConfiguration section */
		741DDD34269F1A7A00380A42 /* Debug */ = {
			isa = XCBuildConfiguration;
			buildSettings = {
				ALWAYS_SEARCH_USER_PATHS = NO;
				CLANG_ANALYZER_NONNULL = YES;
				CLANG_ANALYZER_NUMBER_OBJECT_CONVERSION = YES_AGGRESSIVE;
				CLANG_CXX_LANGUAGE_STANDARD = "gnu++14";
				CLANG_CXX_LIBRARY = "libc++";
				CLANG_ENABLE_MODULES = YES;
				CLANG_ENABLE_OBJC_ARC = YES;
				CLANG_ENABLE_OBJC_WEAK = YES;
				CLANG_WARN_BLOCK_CAPTURE_AUTORELEASING = YES;
				CLANG_WARN_BOOL_CONVERSION = YES;
				CLANG_WARN_COMMA = YES;
				CLANG_WARN_CONSTANT_CONVERSION = YES;
				CLANG_WARN_DEPRECATED_OBJC_IMPLEMENTATIONS = YES;
				CLANG_WARN_DIRECT_OBJC_ISA_USAGE = YES_ERROR;
				CLANG_WARN_DOCUMENTATION_COMMENTS = YES;
				CLANG_WARN_EMPTY_BODY = YES;
				CLANG_WARN_ENUM_CONVERSION = YES;
				CLANG_WARN_INFINITE_RECURSION = YES;
				CLANG_WARN_INT_CONVERSION = YES;
				CLANG_WARN_NON_LITERAL_NULL_CONVERSION = YES;
				CLANG_WARN_OBJC_IMPLICIT_RETAIN_SELF = YES;
				CLANG_WARN_OBJC_LITERAL_CONVERSION = YES;
				CLANG_WARN_OBJC_ROOT_CLASS = YES_ERROR;
				CLANG_WARN_QUOTED_INCLUDE_IN_FRAMEWORK_HEADER = YES;
				CLANG_WARN_RANGE_LOOP_ANALYSIS = YES;
				CLANG_WARN_STRICT_PROTOTYPES = YES;
				CLANG_WARN_SUSPICIOUS_MOVE = YES;
				CLANG_WARN_UNGUARDED_AVAILABILITY = YES_AGGRESSIVE;
				CLANG_WARN_UNREACHABLE_CODE = YES;
				CLANG_WARN__DUPLICATE_METHOD_MATCH = YES;
				COPY_PHASE_STRIP = NO;
				DEBUG_INFORMATION_FORMAT = dwarf;
				ENABLE_STRICT_OBJC_MSGSEND = YES;
				ENABLE_TESTABILITY = YES;
				GCC_C_LANGUAGE_STANDARD = gnu11;
				GCC_DYNAMIC_NO_PIC = NO;
				GCC_NO_COMMON_BLOCKS = YES;
				GCC_OPTIMIZATION_LEVEL = 0;
				GCC_PREPROCESSOR_DEFINITIONS = (
					"DEBUG=1",
					"$(inherited)",
				);
				GCC_WARN_64_TO_32_BIT_CONVERSION = YES;
				GCC_WARN_ABOUT_RETURN_TYPE = YES_ERROR;
				GCC_WARN_UNDECLARED_SELECTOR = YES;
				GCC_WARN_UNINITIALIZED_AUTOS = YES_AGGRESSIVE;
				GCC_WARN_UNUSED_FUNCTION = YES;
				GCC_WARN_UNUSED_VARIABLE = YES;
				IPHONEOS_DEPLOYMENT_TARGET = 14.4;
				MTL_ENABLE_DEBUG_INFO = INCLUDE_SOURCE;
				MTL_FAST_MATH = YES;
				ONLY_ACTIVE_ARCH = YES;
				SDKROOT = iphoneos;
				SWIFT_ACTIVE_COMPILATION_CONDITIONS = DEBUG;
				SWIFT_OPTIMIZATION_LEVEL = "-Onone";
			};
			name = Debug;
		};
		741DDD35269F1A7A00380A42 /* Release */ = {
			isa = XCBuildConfiguration;
			buildSettings = {
				ALWAYS_SEARCH_USER_PATHS = NO;
				CLANG_ANALYZER_NONNULL = YES;
				CLANG_ANALYZER_NUMBER_OBJECT_CONVERSION = YES_AGGRESSIVE;
				CLANG_CXX_LANGUAGE_STANDARD = "gnu++14";
				CLANG_CXX_LIBRARY = "libc++";
				CLANG_ENABLE_MODULES = YES;
				CLANG_ENABLE_OBJC_ARC = YES;
				CLANG_ENABLE_OBJC_WEAK = YES;
				CLANG_WARN_BLOCK_CAPTURE_AUTORELEASING = YES;
				CLANG_WARN_BOOL_CONVERSION = YES;
				CLANG_WARN_COMMA = YES;
				CLANG_WARN_CONSTANT_CONVERSION = YES;
				CLANG_WARN_DEPRECATED_OBJC_IMPLEMENTATIONS = YES;
				CLANG_WARN_DIRECT_OBJC_ISA_USAGE = YES_ERROR;
				CLANG_WARN_DOCUMENTATION_COMMENTS = YES;
				CLANG_WARN_EMPTY_BODY = YES;
				CLANG_WARN_ENUM_CONVERSION = YES;
				CLANG_WARN_INFINITE_RECURSION = YES;
				CLANG_WARN_INT_CONVERSION = YES;
				CLANG_WARN_NON_LITERAL_NULL_CONVERSION = YES;
				CLANG_WARN_OBJC_IMPLICIT_RETAIN_SELF = YES;
				CLANG_WARN_OBJC_LITERAL_CONVERSION = YES;
				CLANG_WARN_OBJC_ROOT_CLASS = YES_ERROR;
				CLANG_WARN_QUOTED_INCLUDE_IN_FRAMEWORK_HEADER = YES;
				CLANG_WARN_RANGE_LOOP_ANALYSIS = YES;
				CLANG_WARN_STRICT_PROTOTYPES = YES;
				CLANG_WARN_SUSPICIOUS_MOVE = YES;
				CLANG_WARN_UNGUARDED_AVAILABILITY = YES_AGGRESSIVE;
				CLANG_WARN_UNREACHABLE_CODE = YES;
				CLANG_WARN__DUPLICATE_METHOD_MATCH = YES;
				COPY_PHASE_STRIP = NO;
				DEBUG_INFORMATION_FORMAT = "dwarf-with-dsym";
				ENABLE_NS_ASSERTIONS = NO;
				ENABLE_STRICT_OBJC_MSGSEND = YES;
				GCC_C_LANGUAGE_STANDARD = gnu11;
				GCC_NO_COMMON_BLOCKS = YES;
				GCC_WARN_64_TO_32_BIT_CONVERSION = YES;
				GCC_WARN_ABOUT_RETURN_TYPE = YES_ERROR;
				GCC_WARN_UNDECLARED_SELECTOR = YES;
				GCC_WARN_UNINITIALIZED_AUTOS = YES_AGGRESSIVE;
				GCC_WARN_UNUSED_FUNCTION = YES;
				GCC_WARN_UNUSED_VARIABLE = YES;
				IPHONEOS_DEPLOYMENT_TARGET = 14.4;
				MTL_ENABLE_DEBUG_INFO = NO;
				MTL_FAST_MATH = YES;
				SDKROOT = iphoneos;
				SWIFT_COMPILATION_MODE = wholemodule;
				SWIFT_OPTIMIZATION_LEVEL = "-O";
				VALIDATE_PRODUCT = YES;
			};
			name = Release;
		};
		741DDD37269F1A7A00380A42 /* Debug */ = {
			isa = XCBuildConfiguration;
			buildSettings = {
				ASSETCATALOG_COMPILER_APPICON_NAME = AppIcon;
				ASSETCATALOG_COMPILER_GLOBAL_ACCENT_COLOR_NAME = AccentColor;
				CODE_SIGN_STYLE = Automatic;
				DEVELOPMENT_ASSET_PATHS = "\"Guess Number/Preview Content\"";
				DEVELOPMENT_TEAM = 83DLB3U8GC;
				ENABLE_PREVIEWS = YES;
				INFOPLIST_FILE = "Guess Number/Info.plist";
				IPHONEOS_DEPLOYMENT_TARGET = 14.0;
				LD_RUNPATH_SEARCH_PATHS = (
					"$(inherited)",
					"@executable_path/Frameworks",
				);
				PRODUCT_BUNDLE_IDENTIFIER = "com.quahk.Guess-Number";
				PRODUCT_NAME = "$(TARGET_NAME)";
				SWIFT_VERSION = 5.0;
				TARGETED_DEVICE_FAMILY = "1,2";
			};
			name = Debug;
		};
		741DDD38269F1A7A00380A42 /* Release */ = {
			isa = XCBuildConfiguration;
			buildSettings = {
				ASSETCATALOG_COMPILER_APPICON_NAME = AppIcon;
				ASSETCATALOG_COMPILER_GLOBAL_ACCENT_COLOR_NAME = AccentColor;
				CODE_SIGN_STYLE = Automatic;
				DEVELOPMENT_ASSET_PATHS = "\"Guess Number/Preview Content\"";
				DEVELOPMENT_TEAM = 83DLB3U8GC;
				ENABLE_PREVIEWS = YES;
				INFOPLIST_FILE = "Guess Number/Info.plist";
				IPHONEOS_DEPLOYMENT_TARGET = 14.0;
				LD_RUNPATH_SEARCH_PATHS = (
					"$(inherited)",
					"@executable_path/Frameworks",
				);
				PRODUCT_BUNDLE_IDENTIFIER = "com.quahk.Guess-Number";
				PRODUCT_NAME = "$(TARGET_NAME)";
				SWIFT_VERSION = 5.0;
				TARGETED_DEVICE_FAMILY = "1,2";
			};
			name = Release;
		};
		741DDD3A269F1A7A00380A42 /* Debug */ = {
			isa = XCBuildConfiguration;
			buildSettings = {
				ALWAYS_EMBED_SWIFT_STANDARD_LIBRARIES = YES;
				BUNDLE_LOADER = "$(TEST_HOST)";
				CODE_SIGN_STYLE = Automatic;
				DEVELOPMENT_TEAM = 83DLB3U8GC;
				INFOPLIST_FILE = "Guess NumberTests/Info.plist";
				IPHONEOS_DEPLOYMENT_TARGET = 14.0;
				LD_RUNPATH_SEARCH_PATHS = (
					"$(inherited)",
					"@executable_path/Frameworks",
					"@loader_path/Frameworks",
				);
				PRODUCT_BUNDLE_IDENTIFIER = "com.quahk.Guess-NumberTests";
				PRODUCT_NAME = "$(TARGET_NAME)";
				SWIFT_VERSION = 5.0;
				TARGETED_DEVICE_FAMILY = "1,2";
				TEST_HOST = "$(BUILT_PRODUCTS_DIR)/Guess Number.app/Guess Number";
			};
			name = Debug;
		};
		741DDD3B269F1A7A00380A42 /* Release */ = {
			isa = XCBuildConfiguration;
			buildSettings = {
				ALWAYS_EMBED_SWIFT_STANDARD_LIBRARIES = YES;
				BUNDLE_LOADER = "$(TEST_HOST)";
				CODE_SIGN_STYLE = Automatic;
				DEVELOPMENT_TEAM = 83DLB3U8GC;
				INFOPLIST_FILE = "Guess NumberTests/Info.plist";
				IPHONEOS_DEPLOYMENT_TARGET = 14.0;
				LD_RUNPATH_SEARCH_PATHS = (
					"$(inherited)",
					"@executable_path/Frameworks",
					"@loader_path/Frameworks",
				);
				PRODUCT_BUNDLE_IDENTIFIER = "com.quahk.Guess-NumberTests";
				PRODUCT_NAME = "$(TARGET_NAME)";
				SWIFT_VERSION = 5.0;
				TARGETED_DEVICE_FAMILY = "1,2";
				TEST_HOST = "$(BUILT_PRODUCTS_DIR)/Guess Number.app/Guess Number";
			};
			name = Release;
		};
		741DDD3D269F1A7A00380A42 /* Debug */ = {
			isa = XCBuildConfiguration;
			buildSettings = {
				ALWAYS_EMBED_SWIFT_STANDARD_LIBRARIES = YES;
				CODE_SIGN_STYLE = Automatic;
				DEVELOPMENT_TEAM = 83DLB3U8GC;
				INFOPLIST_FILE = "Guess NumberUITests/Info.plist";
				LD_RUNPATH_SEARCH_PATHS = (
					"$(inherited)",
					"@executable_path/Frameworks",
					"@loader_path/Frameworks",
				);
				PRODUCT_BUNDLE_IDENTIFIER = "com.quahk.Guess-NumberUITests";
				PRODUCT_NAME = "$(TARGET_NAME)";
				SWIFT_VERSION = 5.0;
				TARGETED_DEVICE_FAMILY = "1,2";
				TEST_TARGET_NAME = "Guess Number";
			};
			name = Debug;
		};
		741DDD3E269F1A7A00380A42 /* Release */ = {
			isa = XCBuildConfiguration;
			buildSettings = {
				ALWAYS_EMBED_SWIFT_STANDARD_LIBRARIES = YES;
				CODE_SIGN_STYLE = Automatic;
				DEVELOPMENT_TEAM = 83DLB3U8GC;
				INFOPLIST_FILE = "Guess NumberUITests/Info.plist";
				LD_RUNPATH_SEARCH_PATHS = (
					"$(inherited)",
					"@executable_path/Frameworks",
					"@loader_path/Frameworks",
				);
				PRODUCT_BUNDLE_IDENTIFIER = "com.quahk.Guess-NumberUITests";
				PRODUCT_NAME = "$(TARGET_NAME)";
				SWIFT_VERSION = 5.0;
				TARGETED_DEVICE_FAMILY = "1,2";
				TEST_TARGET_NAME = "Guess Number";
			};
			name = Release;
		};
/* End XCBuildConfiguration section */

/* Begin XCConfigurationList section */
		741DDD0C269F1A7600380A42 /* Build configuration list for PBXProject "Guess Number" */ = {
			isa = XCConfigurationList;
			buildConfigurations = (
				741DDD34269F1A7A00380A42 /* Debug */,
				741DDD35269F1A7A00380A42 /* Release */,
			);
			defaultConfigurationIsVisible = 0;
			defaultConfigurationName = Release;
		};
		741DDD36269F1A7A00380A42 /* Build configuration list for PBXNativeTarget "Guess Number" */ = {
			isa = XCConfigurationList;
			buildConfigurations = (
				741DDD37269F1A7A00380A42 /* Debug */,
				741DDD38269F1A7A00380A42 /* Release */,
			);
			defaultConfigurationIsVisible = 0;
			defaultConfigurationName = Release;
		};
		741DDD39269F1A7A00380A42 /* Build configuration list for PBXNativeTarget "Guess NumberTests" */ = {
			isa = XCConfigurationList;
			buildConfigurations = (
				741DDD3A269F1A7A00380A42 /* Debug */,
				741DDD3B269F1A7A00380A42 /* Release */,
			);
			defaultConfigurationIsVisible = 0;
			defaultConfigurationName = Release;
		};
		741DDD3C269F1A7A00380A42 /* Build configuration list for PBXNativeTarget "Guess NumberUITests" */ = {
			isa = XCConfigurationList;
			buildConfigurations = (
				741DDD3D269F1A7A00380A42 /* Debug */,
				741DDD3E269F1A7A00380A42 /* Release */,
			);
			defaultConfigurationIsVisible = 0;
			defaultConfigurationName = Release;
		};
/* End XCConfigurationList section */
	};
	rootObject = 741DDD09269F1A7600380A42 /* Project object */;
}
