// !$*UTF8*$!
{
	archiveVersion = 1;
	classes = {
	};
	objectVersion = 50;
	objects = {

/* Begin PBXBuildFile section */
		741DDCDB269F011300380A42 /* MemberFormApp.swift in Sources */ = {isa = PBXBuildFile; fileRef = 741DDCDA269F011300380A42 /* MemberFormApp.swift */; };
		741DDCDD269F011300380A42 /* ContentView.swift in Sources */ = {isa = PBXBuildFile; fileRef = 741DDCDC269F011300380A42 /* ContentView.swift */; };
		741DDCDF269F011500380A42 /* Assets.xcassets in Resources */ = {isa = PBXBuildFile; fileRef = 741DDCDE269F011500380A42 /* Assets.xcassets */; };
		741DDCE2269F011500380A42 /* Preview Assets.xcassets in Resources */ = {isa = PBXBuildFile; fileRef = 741DDCE1269F011500380A42 /* Preview Assets.xcassets */; };
		741DDCED269F011500380A42 /* MemberFormTests.swift in Sources */ = {isa = PBXBuildFile; fileRef = 741DDCEC269F011500380A42 /* MemberFormTests.swift */; };
		741DDCF8269F011500380A42 /* MemberFormUITests.swift in Sources */ = {isa = PBXBuildFile; fileRef = 741DDCF7269F011500380A42 /* MemberFormUITests.swift */; };
/* End PBXBuildFile section */

/* Begin PBXContainerItemProxy section */
		741DDCE9269F011500380A42 /* PBXContainerItemProxy */ = {
			isa = PBXContainerItemProxy;
			containerPortal = 741DDCCF269F011300380A42 /* Project object */;
			proxyType = 1;
			remoteGlobalIDString = 741DDCD6269F011300380A42;
			remoteInfo = MemberForm;
		};
		741DDCF4269F011500380A42 /* PBXContainerItemProxy */ = {
			isa = PBXContainerItemProxy;
			containerPortal = 741DDCCF269F011300380A42 /* Project object */;
			proxyType = 1;
			remoteGlobalIDString = 741DDCD6269F011300380A42;
			remoteInfo = MemberForm;
		};
/* End PBXContainerItemProxy section */

/* Begin PBXFileReference section */
		741DDCD7269F011300380A42 /* MemberForm.app */ = {isa = PBXFileReference; explicitFileType = wrapper.application; includeInIndex = 0; path = MemberForm.app; sourceTree = BUILT_PRODUCTS_DIR; };
		741DDCDA269F011300380A42 /* MemberFormApp.swift */ = {isa = PBXFileReference; lastKnownFileType = sourcecode.swift; path = MemberFormApp.swift; sourceTree = "<group>"; };
		741DDCDC269F011300380A42 /* ContentView.swift */ = {isa = PBXFileReference; lastKnownFileType = sourcecode.swift; path = ContentView.swift; sourceTree = "<group>"; };
		741DDCDE269F011500380A42 /* Assets.xcassets */ = {isa = PBXFileReference; lastKnownFileType = folder.assetcatalog; path = Assets.xcassets; sourceTree = "<group>"; };
		741DDCE1269F011500380A42 /* Preview Assets.xcassets */ = {isa = PBXFileReference; lastKnownFileType = folder.assetcatalog; path = "Preview Assets.xcassets"; sourceTree = "<group>"; };
		741DDCE3269F011500380A42 /* Info.plist */ = {isa = PBXFileReference; lastKnownFileType = text.plist.xml; path = Info.plist; sourceTree = "<group>"; };
		741DDCE8269F011500380A42 /* MemberFormTests.xctest */ = {isa = PBXFileReference; explicitFileType = wrapper.cfbundle; includeInIndex = 0; path = MemberFormTests.xctest; sourceTree = BUILT_PRODUCTS_DIR; };
		741DDCEC269F011500380A42 /* MemberFormTests.swift */ = {isa = PBXFileReference; lastKnownFileType = sourcecode.swift; path = MemberFormTests.swift; sourceTree = "<group>"; };
		741DDCEE269F011500380A42 /* Info.plist */ = {isa = PBXFileReference; lastKnownFileType = text.plist.xml; path = Info.plist; sourceTree = "<group>"; };
		741DDCF3269F011500380A42 /* MemberFormUITests.xctest */ = {isa = PBXFileReference; explicitFileType = wrapper.cfbundle; includeInIndex = 0; path = MemberFormUITests.xctest; sourceTree = BUILT_PRODUCTS_DIR; };
		741DDCF7269F011500380A42 /* MemberFormUITests.swift */ = {isa = PBXFileReference; lastKnownFileType = sourcecode.swift; path = MemberFormUITests.swift; sourceTree = "<group>"; };
		741DDCF9269F011500380A42 /* Info.plist */ = {isa = PBXFileReference; lastKnownFileType = text.plist.xml; path = Info.plist; sourceTree = "<group>"; };
/* End PBXFileReference section */

/* Begin PBXFrameworksBuildPhase section */
		741DDCD4269F011300380A42 /* Frameworks */ = {
			isa = PBXFrameworksBuildPhase;
			buildActionMask = 2147483647;
			files = (
			);
			runOnlyForDeploymentPostprocessing = 0;
		};
		741DDCE5269F011500380A42 /* Frameworks */ = {
			isa = PBXFrameworksBuildPhase;
			buildActionMask = 2147483647;
			files = (
			);
			runOnlyForDeploymentPostprocessing = 0;
		};
		741DDCF0269F011500380A42 /* Frameworks */ = {
			isa = PBXFrameworksBuildPhase;
			buildActionMask = 2147483647;
			files = (
			);
			runOnlyForDeploymentPostprocessing = 0;
		};
/* End PBXFrameworksBuildPhase section */

/* Begin PBXGroup section */
		741DDCCE269F011300380A42 = {
			isa = PBXGroup;
			children = (
				741DDCD9269F011300380A42 /* MemberForm */,
				741DDCEB269F011500380A42 /* MemberFormTests */,
				741DDCF6269F011500380A42 /* MemberFormUITests */,
				741DDCD8269F011300380A42 /* Products */,
			);
			sourceTree = "<group>";
		};
		741DDCD8269F011300380A42 /* Products */ = {
			isa = PBXGroup;
			children = (
				741DDCD7269F011300380A42 /* MemberForm.app */,
				741DDCE8269F011500380A42 /* MemberFormTests.xctest */,
				741DDCF3269F011500380A42 /* MemberFormUITests.xctest */,
			);
			name = Products;
			sourceTree = "<group>";
		};
		741DDCD9269F011300380A42 /* MemberForm */ = {
			isa = PBXGroup;
			children = (
				741DDCDA269F011300380A42 /* MemberFormApp.swift */,
				741DDCDC269F011300380A42 /* ContentView.swift */,
				741DDCDE269F011500380A42 /* Assets.xcassets */,
				741DDCE3269F011500380A42 /* Info.plist */,
				741DDCE0269F011500380A42 /* Preview Content */,
			);
			path = MemberForm;
			sourceTree = "<group>";
		};
		741DDCE0269F011500380A42 /* Preview Content */ = {
			isa = PBXGroup;
			children = (
				741DDCE1269F011500380A42 /* Preview Assets.xcassets */,
			);
			path = "Preview Content";
			sourceTree = "<group>";
		};
		741DDCEB269F011500380A42 /* MemberFormTests */ = {
			isa = PBXGroup;
			children = (
				741DDCEC269F011500380A42 /* MemberFormTests.swift */,
				741DDCEE269F011500380A42 /* Info.plist */,
			);
			path = MemberFormTests;
			sourceTree = "<group>";
		};
		741DDCF6269F011500380A42 /* MemberFormUITests */ = {
			isa = PBXGroup;
			children = (
				741DDCF7269F011500380A42 /* MemberFormUITests.swift */,
				741DDCF9269F011500380A42 /* Info.plist */,
			);
			path = MemberFormUITests;
			sourceTree = "<group>";
		};
/* End PBXGroup section */

/* Begin PBXNativeTarget section */
		741DDCD6269F011300380A42 /* MemberForm */ = {
			isa = PBXNativeTarget;
			buildConfigurationList = 741DDCFC269F011500380A42 /* Build configuration list for PBXNativeTarget "MemberForm" */;
			buildPhases = (
				741DDCD3269F011300380A42 /* Sources */,
				741DDCD4269F011300380A42 /* Frameworks */,
				741DDCD5269F011300380A42 /* Resources */,
			);
			buildRules = (
			);
			dependencies = (
			);
			name = MemberForm;
			productName = MemberForm;
			productReference = 741DDCD7269F011300380A42 /* MemberForm.app */;
			productType = "com.apple.product-type.application";
		};
		741DDCE7269F011500380A42 /* MemberFormTests */ = {
			isa = PBXNativeTarget;
			buildConfigurationList = 741DDCFF269F011500380A42 /* Build configuration list for PBXNativeTarget "MemberFormTests" */;
			buildPhases = (
				741DDCE4269F011500380A42 /* Sources */,
				741DDCE5269F011500380A42 /* Frameworks */,
				741DDCE6269F011500380A42 /* Resources */,
			);
			buildRules = (
			);
			dependencies = (
				741DDCEA269F011500380A42 /* PBXTargetDependency */,
			);
			name = MemberFormTests;
			productName = MemberFormTests;
			productReference = 741DDCE8269F011500380A42 /* MemberFormTests.xctest */;
			productType = "com.apple.product-type.bundle.unit-test";
		};
		741DDCF2269F011500380A42 /* MemberFormUITests */ = {
			isa = PBXNativeTarget;
			buildConfigurationList = 741DDD02269F011500380A42 /* Build configuration list for PBXNativeTarget "MemberFormUITests" */;
			buildPhases = (
				741DDCEF269F011500380A42 /* Sources */,
				741DDCF0269F011500380A42 /* Frameworks */,
				741DDCF1269F011500380A42 /* Resources */,
			);
			buildRules = (
			);
			dependencies = (
				741DDCF5269F011500380A42 /* PBXTargetDependency */,
			);
			name = MemberFormUITests;
			productName = MemberFormUITests;
			productReference = 741DDCF3269F011500380A42 /* MemberFormUITests.xctest */;
			productType = "com.apple.product-type.bundle.ui-testing";
		};
/* End PBXNativeTarget section */

/* Begin PBXProject section */
		741DDCCF269F011300380A42 /* Project object */ = {
			isa = PBXProject;
			attributes = {
				LastSwiftUpdateCheck = 1240;
				LastUpgradeCheck = 1240;
				TargetAttributes = {
					741DDCD6269F011300380A42 = {
						CreatedOnToolsVersion = 12.4;
					};
					741DDCE7269F011500380A42 = {
						CreatedOnToolsVersion = 12.4;
						TestTargetID = 741DDCD6269F011300380A42;
					};
					741DDCF2269F011500380A42 = {
						CreatedOnToolsVersion = 12.4;
						TestTargetID = 741DDCD6269F011300380A42;
					};
				};
			};
			buildConfigurationList = 741DDCD2269F011300380A42 /* Build configuration list for PBXProject "MemberForm" */;
			compatibilityVersion = "Xcode 9.3";
			developmentRegion = en;
			hasScannedForEncodings = 0;
			knownRegions = (
				en,
				Base,
			);
			mainGroup = 741DDCCE269F011300380A42;
			productRefGroup = 741DDCD8269F011300380A42 /* Products */;
			projectDirPath = "";
			projectRoot = "";
			targets = (
				741DDCD6269F011300380A42 /* MemberForm */,
				741DDCE7269F011500380A42 /* MemberFormTests */,
				741DDCF2269F011500380A42 /* MemberFormUITests */,
			);
		};
/* End PBXProject section */

/* Begin PBXResourcesBuildPhase section */
		741DDCD5269F011300380A42 /* Resources */ = {
			isa = PBXResourcesBuildPhase;
			buildActionMask = 2147483647;
			files = (
				741DDCE2269F011500380A42 /* Preview Assets.xcassets in Resources */,
				741DDCDF269F011500380A42 /* Assets.xcassets in Resources */,
			);
			runOnlyForDeploymentPostprocessing = 0;
		};
		741DDCE6269F011500380A42 /* Resources */ = {
			isa = PBXResourcesBuildPhase;
			buildActionMask = 2147483647;
			files = (
			);
			runOnlyForDeploymentPostprocessing = 0;
		};
		741DDCF1269F011500380A42 /* Resources */ = {
			isa = PBXResourcesBuildPhase;
			buildActionMask = 2147483647;
			files = (
			);
			runOnlyForDeploymentPostprocessing = 0;
		};
/* End PBXResourcesBuildPhase section */

/* Begin PBXSourcesBuildPhase section */
		741DDCD3269F011300380A42 /* Sources */ = {
			isa = PBXSourcesBuildPhase;
			buildActionMask = 2147483647;
			files = (
				741DDCDD269F011300380A42 /* ContentView.swift in Sources */,
				741DDCDB269F011300380A42 /* MemberFormApp.swift in Sources */,
			);
			runOnlyForDeploymentPostprocessing = 0;
		};
		741DDCE4269F011500380A42 /* Sources */ = {
			isa = PBXSourcesBuildPhase;
			buildActionMask = 2147483647;
			files = (
				741DDCED269F011500380A42 /* MemberFormTests.swift in Sources */,
			);
			runOnlyForDeploymentPostprocessing = 0;
		};
		741DDCEF269F011500380A42 /* Sources */ = {
			isa = PBXSourcesBuildPhase;
			buildActionMask = 2147483647;
			files = (
				741DDCF8269F011500380A42 /* MemberFormUITests.swift in Sources */,
			);
			runOnlyForDeploymentPostprocessing = 0;
		};
/* End PBXSourcesBuildPhase section */

/* Begin PBXTargetDependency section */
		741DDCEA269F011500380A42 /* PBXTargetDependency */ = {
			isa = PBXTargetDependency;
			target = 741DDCD6269F011300380A42 /* MemberForm */;
			targetProxy = 741DDCE9269F011500380A42 /* PBXContainerItemProxy */;
		};
		741DDCF5269F011500380A42 /* PBXTargetDependency */ = {
			isa = PBXTargetDependency;
			target = 741DDCD6269F011300380A42 /* MemberForm */;
			targetProxy = 741DDCF4269F011500380A42 /* PBXContainerItemProxy */;
		};
/* End PBXTargetDependency section */

/* Begin XCBuildConfiguration section */
		741DDCFA269F011500380A42 /* Debug */ = {
			isa = XCBuildConfiguration;
			buildSettings = {
				ALWAYS_SEARCH_USER_PATHS = NO;
				CLANG_ANALYZER_NONNULL = YES;
				CLANG_ANALYZER_NUMBER_OBJECT_CONVERSION = YES_AGGRESSIVE;
				CLANG_CXX_LANGUAGE_STANDARD = "gnu++14";
				CLANG_CXX_LIBRARY = "libc++";
				CLANG_ENABLE_MODULES = YES;
				CLANG_ENABLE_OBJC_ARC = YES;
				CLANG_ENABLE_OBJC_WEAK = YES;
				CLANG_WARN_BLOCK_CAPTURE_AUTORELEASING = YES;
				CLANG_WARN_BOOL_CONVERSION = YES;
				CLANG_WARN_COMMA = YES;
				CLANG_WARN_CONSTANT_CONVERSION = YES;
				CLANG_WARN_DEPRECATED_OBJC_IMPLEMENTATIONS = YES;
				CLANG_WARN_DIRECT_OBJC_ISA_USAGE = YES_ERROR;
				CLANG_WARN_DOCUMENTATION_COMMENTS = YES;
				CLANG_WARN_EMPTY_BODY = YES;
				CLANG_WARN_ENUM_CONVERSION = YES;
				CLANG_WARN_INFINITE_RECURSION = YES;
				CLANG_WARN_INT_CONVERSION = YES;
				CLANG_WARN_NON_LITERAL_NULL_CONVERSION = YES;
				CLANG_WARN_OBJC_IMPLICIT_RETAIN_SELF = YES;
				CLANG_WARN_OBJC_LITERAL_CONVERSION = YES;
				CLANG_WARN_OBJC_ROOT_CLASS = YES_ERROR;
				CLANG_WARN_QUOTED_INCLUDE_IN_FRAMEWORK_HEADER = YES;
				CLANG_WARN_RANGE_LOOP_ANALYSIS = YES;
				CLANG_WARN_STRICT_PROTOTYPES = YES;
				CLANG_WARN_SUSPICIOUS_MOVE = YES;
				CLANG_WARN_UNGUARDED_AVAILABILITY = YES_AGGRESSIVE;
				CLANG_WARN_UNREACHABLE_CODE = YES;
				CLANG_WARN__DUPLICATE_METHOD_MATCH = YES;
				COPY_PHASE_STRIP = NO;
				DEBUG_INFORMATION_FORMAT = dwarf;
				ENABLE_STRICT_OBJC_MSGSEND = YES;
				ENABLE_TESTABILITY = YES;
				GCC_C_LANGUAGE_STANDARD = gnu11;
				GCC_DYNAMIC_NO_PIC = NO;
				GCC_NO_COMMON_BLOCKS = YES;
				GCC_OPTIMIZATION_LEVEL = 0;
				GCC_PREPROCESSOR_DEFINITIONS = (
					"DEBUG=1",
					"$(inherited)",
				);
				GCC_WARN_64_TO_32_BIT_CONVERSION = YES;
				GCC_WARN_ABOUT_RETURN_TYPE = YES_ERROR;
				GCC_WARN_UNDECLARED_SELECTOR = YES;
				GCC_WARN_UNINITIALIZED_AUTOS = YES_AGGRESSIVE;
				GCC_WARN_UNUSED_FUNCTION = YES;
				GCC_WARN_UNUSED_VARIABLE = YES;
				IPHONEOS_DEPLOYMENT_TARGET = 14.4;
				MTL_ENABLE_DEBUG_INFO = INCLUDE_SOURCE;
				MTL_FAST_MATH = YES;
				ONLY_ACTIVE_ARCH = YES;
				SDKROOT = iphoneos;
				SWIFT_ACTIVE_COMPILATION_CONDITIONS = DEBUG;
				SWIFT_OPTIMIZATION_LEVEL = "-Onone";
			};
			name = Debug;
		};
		741DDCFB269F011500380A42 /* Release */ = {
			isa = XCBuildConfiguration;
			buildSettings = {
				ALWAYS_SEARCH_USER_PATHS = NO;
				CLANG_ANALYZER_NONNULL = YES;
				CLANG_ANALYZER_NUMBER_OBJECT_CONVERSION = YES_AGGRESSIVE;
				CLANG_CXX_LANGUAGE_STANDARD = "gnu++14";
				CLANG_CXX_LIBRARY = "libc++";
				CLANG_ENABLE_MODULES = YES;
				CLANG_ENABLE_OBJC_ARC = YES;
				CLANG_ENABLE_OBJC_WEAK = YES;
				CLANG_WARN_BLOCK_CAPTURE_AUTORELEASING = YES;
				CLANG_WARN_BOOL_CONVERSION = YES;
				CLANG_WARN_COMMA = YES;
				CLANG_WARN_CONSTANT_CONVERSION = YES;
				CLANG_WARN_DEPRECATED_OBJC_IMPLEMENTATIONS = YES;
				CLANG_WARN_DIRECT_OBJC_ISA_USAGE = YES_ERROR;
				CLANG_WARN_DOCUMENTATION_COMMENTS = YES;
				CLANG_WARN_EMPTY_BODY = YES;
				CLANG_WARN_ENUM_CONVERSION = YES;
				CLANG_WARN_INFINITE_RECURSION = YES;
				CLANG_WARN_INT_CONVERSION = YES;
				CLANG_WARN_NON_LITERAL_NULL_CONVERSION = YES;
				CLANG_WARN_OBJC_IMPLICIT_RETAIN_SELF = YES;
				CLANG_WARN_OBJC_LITERAL_CONVERSION = YES;
				CLANG_WARN_OBJC_ROOT_CLASS = YES_ERROR;
				CLANG_WARN_QUOTED_INCLUDE_IN_FRAMEWORK_HEADER = YES;
				CLANG_WARN_RANGE_LOOP_ANALYSIS = YES;
				CLANG_WARN_STRICT_PROTOTYPES = YES;
				CLANG_WARN_SUSPICIOUS_MOVE = YES;
				CLANG_WARN_UNGUARDED_AVAILABILITY = YES_AGGRESSIVE;
				CLANG_WARN_UNREACHABLE_CODE = YES;
				CLANG_WARN__DUPLICATE_METHOD_MATCH = YES;
				COPY_PHASE_STRIP = NO;
				DEBUG_INFORMATION_FORMAT = "dwarf-with-dsym";
				ENABLE_NS_ASSERTIONS = NO;
				ENABLE_STRICT_OBJC_MSGSEND = YES;
				GCC_C_LANGUAGE_STANDARD = gnu11;
				GCC_NO_COMMON_BLOCKS = YES;
				GCC_WARN_64_TO_32_BIT_CONVERSION = YES;
				GCC_WARN_ABOUT_RETURN_TYPE = YES_ERROR;
				GCC_WARN_UNDECLARED_SELECTOR = YES;
				GCC_WARN_UNINITIALIZED_AUTOS = YES_AGGRESSIVE;
				GCC_WARN_UNUSED_FUNCTION = YES;
				GCC_WARN_UNUSED_VARIABLE = YES;
				IPHONEOS_DEPLOYMENT_TARGET = 14.4;
				MTL_ENABLE_DEBUG_INFO = NO;
				MTL_FAST_MATH = YES;
				SDKROOT = iphoneos;
				SWIFT_COMPILATION_MODE = wholemodule;
				SWIFT_OPTIMIZATION_LEVEL = "-O";
				VALIDATE_PRODUCT = YES;
			};
			name = Release;
		};
		741DDCFD269F011500380A42 /* Debug */ = {
			isa = XCBuildConfiguration;
			buildSettings = {
				ASSETCATALOG_COMPILER_APPICON_NAME = AppIcon;
				ASSETCATALOG_COMPILER_GLOBAL_ACCENT_COLOR_NAME = AccentColor;
				CODE_SIGN_STYLE = Automatic;
				DEVELOPMENT_ASSET_PATHS = "\"MemberForm/Preview Content\"";
				DEVELOPMENT_TEAM = 83DLB3U8GC;
				ENABLE_PREVIEWS = YES;
				INFOPLIST_FILE = MemberForm/Info.plist;
				IPHONEOS_DEPLOYMENT_TARGET = 14.0;
				LD_RUNPATH_SEARCH_PATHS = (
					"$(inherited)",
					"@executable_path/Frameworks",
				);
				PRODUCT_BUNDLE_IDENTIFIER = com.quahk.MemberForm;
				PRODUCT_NAME = "$(TARGET_NAME)";
				SWIFT_VERSION = 5.0;
				TARGETED_DEVICE_FAMILY = "1,2";
			};
			name = Debug;
		};
		741DDCFE269F011500380A42 /* Release */ = {
			isa = XCBuildConfiguration;
			buildSettings = {
				ASSETCATALOG_COMPILER_APPICON_NAME = AppIcon;
				ASSETCATALOG_COMPILER_GLOBAL_ACCENT_COLOR_NAME = AccentColor;
				CODE_SIGN_STYLE = Automatic;
				DEVELOPMENT_ASSET_PATHS = "\"MemberForm/Preview Content\"";
				DEVELOPMENT_TEAM = 83DLB3U8GC;
				ENABLE_PREVIEWS = YES;
				INFOPLIST_FILE = MemberForm/Info.plist;
				IPHONEOS_DEPLOYMENT_TARGET = 14.0;
				LD_RUNPATH_SEARCH_PATHS = (
					"$(inherited)",
					"@executable_path/Frameworks",
				);
				PRODUCT_BUNDLE_IDENTIFIER = com.quahk.MemberForm;
				PRODUCT_NAME = "$(TARGET_NAME)";
				SWIFT_VERSION = 5.0;
				TARGETED_DEVICE_FAMILY = "1,2";
			};
			name = Release;
		};
		741DDD00269F011500380A42 /* Debug */ = {
			isa = XCBuildConfiguration;
			buildSettings = {
				ALWAYS_EMBED_SWIFT_STANDARD_LIBRARIES = YES;
				BUNDLE_LOADER = "$(TEST_HOST)";
				CODE_SIGN_STYLE = Automatic;
				DEVELOPMENT_TEAM = 83DLB3U8GC;
				INFOPLIST_FILE = MemberFormTests/Info.plist;
				IPHONEOS_DEPLOYMENT_TARGET = 14.0;
				LD_RUNPATH_SEARCH_PATHS = (
					"$(inherited)",
					"@executable_path/Frameworks",
					"@loader_path/Frameworks",
				);
				PRODUCT_BUNDLE_IDENTIFIER = com.quahk.MemberFormTests;
				PRODUCT_NAME = "$(TARGET_NAME)";
				SWIFT_VERSION = 5.0;
				TARGETED_DEVICE_FAMILY = "1,2";
				TEST_HOST = "$(BUILT_PRODUCTS_DIR)/MemberForm.app/MemberForm";
			};
			name = Debug;
		};
		741DDD01269F011500380A42 /* Release */ = {
			isa = XCBuildConfiguration;
			buildSettings = {
				ALWAYS_EMBED_SWIFT_STANDARD_LIBRARIES = YES;
				BUNDLE_LOADER = "$(TEST_HOST)";
				CODE_SIGN_STYLE = Automatic;
				DEVELOPMENT_TEAM = 83DLB3U8GC;
				INFOPLIST_FILE = MemberFormTests/Info.plist;
				IPHONEOS_DEPLOYMENT_TARGET = 14.0;
				LD_RUNPATH_SEARCH_PATHS = (
					"$(inherited)",
					"@executable_path/Frameworks",
					"@loader_path/Frameworks",
				);
				PRODUCT_BUNDLE_IDENTIFIER = com.quahk.MemberFormTests;
				PRODUCT_NAME = "$(TARGET_NAME)";
				SWIFT_VERSION = 5.0;
				TARGETED_DEVICE_FAMILY = "1,2";
				TEST_HOST = "$(BUILT_PRODUCTS_DIR)/MemberForm.app/MemberForm";
			};
			name = Release;
		};
		741DDD03269F011500380A42 /* Debug */ = {
			isa = XCBuildConfiguration;
			buildSettings = {
				ALWAYS_EMBED_SWIFT_STANDARD_LIBRARIES = YES;
				CODE_SIGN_STYLE = Automatic;
				DEVELOPMENT_TEAM = 83DLB3U8GC;
				INFOPLIST_FILE = MemberFormUITests/Info.plist;
				LD_RUNPATH_SEARCH_PATHS = (
					"$(inherited)",
					"@executable_path/Frameworks",
					"@loader_path/Frameworks",
				);
				PRODUCT_BUNDLE_IDENTIFIER = com.quahk.MemberFormUITests;
				PRODUCT_NAME = "$(TARGET_NAME)";
				SWIFT_VERSION = 5.0;
				TARGETED_DEVICE_FAMILY = "1,2";
				TEST_TARGET_NAME = MemberForm;
			};
			name = Debug;
		};
		741DDD04269F011500380A42 /* Release */ = {
			isa = XCBuildConfiguration;
			buildSettings = {
				ALWAYS_EMBED_SWIFT_STANDARD_LIBRARIES = YES;
				CODE_SIGN_STYLE = Automatic;
				DEVELOPMENT_TEAM = 83DLB3U8GC;
				INFOPLIST_FILE = MemberFormUITests/Info.plist;
				LD_RUNPATH_SEARCH_PATHS = (
					"$(inherited)",
					"@executable_path/Frameworks",
					"@loader_path/Frameworks",
				);
				PRODUCT_BUNDLE_IDENTIFIER = com.quahk.MemberFormUITests;
				PRODUCT_NAME = "$(TARGET_NAME)";
				SWIFT_VERSION = 5.0;
				TARGETED_DEVICE_FAMILY = "1,2";
				TEST_TARGET_NAME = MemberForm;
			};
			name = Release;
		};
/* End XCBuildConfiguration section */

/* Begin XCConfigurationList section */
		741DDCD2269F011300380A42 /* Build configuration list for PBXProject "MemberForm" */ = {
			isa = XCConfigurationList;
			buildConfigurations = (
				741DDCFA269F011500380A42 /* Debug */,
				741DDCFB269F011500380A42 /* Release */,
			);
			defaultConfigurationIsVisible = 0;
			defaultConfigurationName = Release;
		};
		741DDCFC269F011500380A42 /* Build configuration list for PBXNativeTarget "MemberForm" */ = {
			isa = XCConfigurationList;
			buildConfigurations = (
				741DDCFD269F011500380A42 /* Debug */,
				741DDCFE269F011500380A42 /* Release */,
			);
			defaultConfigurationIsVisible = 0;
			defaultConfigurationName = Release;
		};
		741DDCFF269F011500380A42 /* Build configuration list for PBXNativeTarget "MemberFormTests" */ = {
			isa = XCConfigurationList;
			buildConfigurations = (
				741DDD00269F011500380A42 /* Debug */,
				741DDD01269F011500380A42 /* Release */,
			);
			defaultConfigurationIsVisible = 0;
			defaultConfigurationName = Release;
		};
		741DDD02269F011500380A42 /* Build configuration list for PBXNativeTarget "MemberFormUITests" */ = {
			isa = XCConfigurationList;
			buildConfigurations = (
				741DDD03269F011500380A42 /* Debug */,
				741DDD04269F011500380A42 /* Release */,
			);
			defaultConfigurationIsVisible = 0;
			defaultConfigurationName = Release;
		};
/* End XCConfigurationList section */
	};
	rootObject = 741DDCCF269F011300380A42 /* Project object */;
}
